
Microsoft Visual Studio Solution File, Format Version 12.00
# Visual Studio Version 16
VisualStudioVersion = 16.0.31702.278
MinimumVisualStudioVersion = 10.0.40219.1
Project("{FAE04EC0-301F-11D3-BF4B-00C04F79EFBC}") = "Homework_Lab2", "Homework_Lab2\Homework_Lab2.csproj", "{DB8A81F3-36DB-4DDC-9FB3-E38E0196590F}"
EndProject
Global
	GlobalSection(SolutionConfigurationPlatforms) = preSolution
		Debug|Any CPU = Debug|Any CPU
		Release|Any CPU = Release|Any CPU
	EndGlobalSection
	GlobalSection(ProjectConfigurationPlatforms) = postSolution
		{DB8A81F3-36DB-4DDC-9FB3-E38E0196590F}.Debug|Any CPU.ActiveCfg = Debug|Any CPU
		{DB8A81F3-36DB-4DDC-9FB3-E38E0196590F}.Debug|Any CPU.Build.0 = Debug|Any CPU
		{DB8A81F3-36DB-4DDC-9FB3-E38E0196590F}.Release|Any CPU.ActiveCfg = Release|Any CPU
		{DB8A81F3-36DB-4DDC-9FB3-E38E0196590F}.Release|Any CPU.Build.0 = Release|Any CPU
	EndGlobalSection
	GlobalSection(SolutionProperties) = preSolution
		HideSolutionNode = FALSE
	EndGlobalSection
	GlobalSection(ExtensibilityGlobals) = postSolution
		SolutionGuid = {243A7400-4982-466D-B409-71BD58D4D90C}
	EndGlobalSection
EndGlobal
